// !$*UTF8*$!
{
	archiveVersion = 1;
	classes = {
	};
	objectVersion = 56;
	objects = {

/* Begin PBXBuildFile section */
		BC7A85B229155C4F00227445 /* ChannelResponse.swift in Sources */ = {isa = PBXBuildFile; fileRef = BC7A85B129155C4F00227445 /* ChannelResponse.swift */; };
		BC7A85B429155D9F00227445 /* PlaylistItemResponse.swift in Sources */ = {isa = PBXBuildFile; fileRef = BC7A85B329155D9F00227445 /* PlaylistItemResponse.swift */; };
		BC86004A2914B596005DADD1 /* ServiceLayer.swift in Sources */ = {isa = PBXBuildFile; fileRef = BC8600492914B596005DADD1 /* ServiceLayer.swift */; };
		BC86004C2914B641005DADD1 /* NetworkError.swift in Sources */ = {isa = PBXBuildFile; fileRef = BC86004B2914B641005DADD1 /* NetworkError.swift */; };
		BC86004E2914B663005DADD1 /* Request.swift in Sources */ = {isa = PBXBuildFile; fileRef = BC86004D2914B663005DADD1 /* Request.swift */; };
		BC8600512914B87E005DADD1 /* Constants.swift in Sources */ = {isa = PBXBuildFile; fileRef = BC8600502914B87E005DADD1 /* Constants.swift */; };
		BC8600572914BBAF005DADD1 /* HomeProvider.swift in Sources */ = {isa = PBXBuildFile; fileRef = BC8600562914BBAF005DADD1 /* HomeProvider.swift */; };
		BC8600592914BC2C005DADD1 /* VideoResponse.swift in Sources */ = {isa = PBXBuildFile; fileRef = BC8600582914BC2C005DADD1 /* VideoResponse.swift */; };
		BC86005B2914C257005DADD1 /* HomePresenter.swift in Sources */ = {isa = PBXBuildFile; fileRef = BC86005A2914C257005DADD1 /* HomePresenter.swift */; };
		BC890DB129141F3E007718C8 /* AppDelegate.swift in Sources */ = {isa = PBXBuildFile; fileRef = BC890DB029141F3E007718C8 /* AppDelegate.swift */; };
		BC890DB329141F3E007718C8 /* SceneDelegate.swift in Sources */ = {isa = PBXBuildFile; fileRef = BC890DB229141F3E007718C8 /* SceneDelegate.swift */; };
		BC890DB529141F3E007718C8 /* ViewController.swift in Sources */ = {isa = PBXBuildFile; fileRef = BC890DB429141F3E007718C8 /* ViewController.swift */; };
		BC890DB829141F3E007718C8 /* Main.storyboard in Resources */ = {isa = PBXBuildFile; fileRef = BC890DB629141F3E007718C8 /* Main.storyboard */; };
		BC890DBA29141F41007718C8 /* Assets.xcassets in Resources */ = {isa = PBXBuildFile; fileRef = BC890DB929141F41007718C8 /* Assets.xcassets */; };
		BC890DBD29141F41007718C8 /* LaunchScreen.storyboard in Resources */ = {isa = PBXBuildFile; fileRef = BC890DBB29141F41007718C8 /* LaunchScreen.storyboard */; };
		BC890DC629142C18007718C8 /* PlaylistResponse.swift in Sources */ = {isa = PBXBuildFile; fileRef = BC890DC529142C18007718C8 /* PlaylistResponse.swift */; };
		BC8EAC872914904F0033CD45 /* RootPageViewController.swift in Sources */ = {isa = PBXBuildFile; fileRef = BC8EAC862914904F0033CD45 /* RootPageViewController.swift */; };
		BC8EAC892914907B0033CD45 /* MainViewController.swift in Sources */ = {isa = PBXBuildFile; fileRef = BC8EAC882914907B0033CD45 /* MainViewController.swift */; };
		BC8EAC93291492890033CD45 /* HomeViewController.swift in Sources */ = {isa = PBXBuildFile; fileRef = BC8EAC91291492890033CD45 /* HomeViewController.swift */; };
		BC8EAC94291492890033CD45 /* HomeViewController.xib in Resources */ = {isa = PBXBuildFile; fileRef = BC8EAC92291492890033CD45 /* HomeViewController.xib */; };
		BC8EAC97291492AD0033CD45 /* VideosViewController.swift in Sources */ = {isa = PBXBuildFile; fileRef = BC8EAC95291492AD0033CD45 /* VideosViewController.swift */; };
		BC8EAC98291492AD0033CD45 /* VideosViewController.xib in Resources */ = {isa = PBXBuildFile; fileRef = BC8EAC96291492AD0033CD45 /* VideosViewController.xib */; };
		BC8EAC9B291492BC0033CD45 /* PlaylistsViewController.swift in Sources */ = {isa = PBXBuildFile; fileRef = BC8EAC99291492BC0033CD45 /* PlaylistsViewController.swift */; };
		BC8EAC9C291492BC0033CD45 /* PlaylistsViewController.xib in Resources */ = {isa = PBXBuildFile; fileRef = BC8EAC9A291492BC0033CD45 /* PlaylistsViewController.xib */; };
		BC8EAC9F291492C50033CD45 /* ChannelsViewController.swift in Sources */ = {isa = PBXBuildFile; fileRef = BC8EAC9D291492C50033CD45 /* ChannelsViewController.swift */; };
		BC8EACA0291492C50033CD45 /* ChannelsViewController.xib in Resources */ = {isa = PBXBuildFile; fileRef = BC8EAC9E291492C50033CD45 /* ChannelsViewController.xib */; };
		BC8EACA3291492D30033CD45 /* AboutViewController.swift in Sources */ = {isa = PBXBuildFile; fileRef = BC8EACA1291492D30033CD45 /* AboutViewController.swift */; };
		BC8EACA4291492D30033CD45 /* AboutViewController.xib in Resources */ = {isa = PBXBuildFile; fileRef = BC8EACA2291492D30033CD45 /* AboutViewController.xib */; };
		BCCB8A9E291983C2001382C8 /* HomeProviderMock.swift in Sources */ = {isa = PBXBuildFile; fileRef = BCCB8A9D291983C2001382C8 /* HomeProviderMock.swift */; };
		BCCB8AA129198438001382C8 /* Utils.swift in Sources */ = {isa = PBXBuildFile; fileRef = BCCB8AA029198438001382C8 /* Utils.swift */; };
		BCCB8AA32919857D001382C8 /* Channel.json in Resources */ = {isa = PBXBuildFile; fileRef = BCCB8AA22919857D001382C8 /* Channel.json */; };
		BCCB8AA529198594001382C8 /* Playlists.json in Resources */ = {isa = PBXBuildFile; fileRef = BCCB8AA429198594001382C8 /* Playlists.json */; };
		BCCB8AA7291985B4001382C8 /* PlaylistItems.json in Resources */ = {isa = PBXBuildFile; fileRef = BCCB8AA6291985B4001382C8 /* PlaylistItems.json */; };
		BCCB8AA9291985D9001382C8 /* SearchVideos.json in Resources */ = {isa = PBXBuildFile; fileRef = BCCB8AA8291985D9001382C8 /* SearchVideos.json */; };
		BCCB8AAB2919878B001382C8 /* VideoOnlyOne.json in Resources */ = {isa = PBXBuildFile; fileRef = BCCB8AAA2919878B001382C8 /* VideoOnlyOne.json */; };
		BCCB8AAD29198B90001382C8 /* MockManager.swift in Sources */ = {isa = PBXBuildFile; fileRef = BCCB8AAC29198B90001382C8 /* MockManager.swift */; };
/* End PBXBuildFile section */

/* Begin PBXFileReference section */
		BC7A85B129155C4F00227445 /* ChannelResponse.swift */ = {isa = PBXFileReference; lastKnownFileType = sourcecode.swift; path = ChannelResponse.swift; sourceTree = "<group>"; };
		BC7A85B329155D9F00227445 /* PlaylistItemResponse.swift */ = {isa = PBXFileReference; lastKnownFileType = sourcecode.swift; path = PlaylistItemResponse.swift; sourceTree = "<group>"; };
		BC8600492914B596005DADD1 /* ServiceLayer.swift */ = {isa = PBXFileReference; lastKnownFileType = sourcecode.swift; path = ServiceLayer.swift; sourceTree = "<group>"; };
		BC86004B2914B641005DADD1 /* NetworkError.swift */ = {isa = PBXFileReference; lastKnownFileType = sourcecode.swift; path = NetworkError.swift; sourceTree = "<group>"; };
		BC86004D2914B663005DADD1 /* Request.swift */ = {isa = PBXFileReference; lastKnownFileType = sourcecode.swift; path = Request.swift; sourceTree = "<group>"; };
		BC8600502914B87E005DADD1 /* Constants.swift */ = {isa = PBXFileReference; lastKnownFileType = sourcecode.swift; path = Constants.swift; sourceTree = "<group>"; };
		BC8600562914BBAF005DADD1 /* HomeProvider.swift */ = {isa = PBXFileReference; lastKnownFileType = sourcecode.swift; path = HomeProvider.swift; sourceTree = "<group>"; };
		BC8600582914BC2C005DADD1 /* VideoResponse.swift */ = {isa = PBXFileReference; lastKnownFileType = sourcecode.swift; path = VideoResponse.swift; sourceTree = "<group>"; };
		BC86005A2914C257005DADD1 /* HomePresenter.swift */ = {isa = PBXFileReference; lastKnownFileType = sourcecode.swift; path = HomePresenter.swift; sourceTree = "<group>"; };
		BC890DAD29141F3E007718C8 /* YoutubeClone.app */ = {isa = PBXFileReference; explicitFileType = wrapper.application; includeInIndex = 0; path = YoutubeClone.app; sourceTree = BUILT_PRODUCTS_DIR; };
		BC890DB029141F3E007718C8 /* AppDelegate.swift */ = {isa = PBXFileReference; lastKnownFileType = sourcecode.swift; path = AppDelegate.swift; sourceTree = "<group>"; };
		BC890DB229141F3E007718C8 /* SceneDelegate.swift */ = {isa = PBXFileReference; lastKnownFileType = sourcecode.swift; path = SceneDelegate.swift; sourceTree = "<group>"; };
		BC890DB429141F3E007718C8 /* ViewController.swift */ = {isa = PBXFileReference; lastKnownFileType = sourcecode.swift; path = ViewController.swift; sourceTree = "<group>"; };
		BC890DB729141F3E007718C8 /* Base */ = {isa = PBXFileReference; lastKnownFileType = file.storyboard; name = Base; path = Base.lproj/Main.storyboard; sourceTree = "<group>"; };
		BC890DB929141F41007718C8 /* Assets.xcassets */ = {isa = PBXFileReference; lastKnownFileType = folder.assetcatalog; path = Assets.xcassets; sourceTree = "<group>"; };
		BC890DBC29141F41007718C8 /* Base */ = {isa = PBXFileReference; lastKnownFileType = file.storyboard; name = Base; path = Base.lproj/LaunchScreen.storyboard; sourceTree = "<group>"; };
		BC890DBE29141F41007718C8 /* Info.plist */ = {isa = PBXFileReference; lastKnownFileType = text.plist.xml; path = Info.plist; sourceTree = "<group>"; };
		BC890DC529142C18007718C8 /* PlaylistResponse.swift */ = {isa = PBXFileReference; lastKnownFileType = sourcecode.swift; path = PlaylistResponse.swift; sourceTree = "<group>"; };
		BC8EAC862914904F0033CD45 /* RootPageViewController.swift */ = {isa = PBXFileReference; lastKnownFileType = sourcecode.swift; path = RootPageViewController.swift; sourceTree = "<group>"; };
		BC8EAC882914907B0033CD45 /* MainViewController.swift */ = {isa = PBXFileReference; lastKnownFileType = sourcecode.swift; path = MainViewController.swift; sourceTree = "<group>"; };
		BC8EAC91291492890033CD45 /* HomeViewController.swift */ = {isa = PBXFileReference; lastKnownFileType = sourcecode.swift; path = HomeViewController.swift; sourceTree = "<group>"; };
		BC8EAC92291492890033CD45 /* HomeViewController.xib */ = {isa = PBXFileReference; lastKnownFileType = file.xib; path = HomeViewController.xib; sourceTree = "<group>"; };
		BC8EAC95291492AD0033CD45 /* VideosViewController.swift */ = {isa = PBXFileReference; lastKnownFileType = sourcecode.swift; path = VideosViewController.swift; sourceTree = "<group>"; };
		BC8EAC96291492AD0033CD45 /* VideosViewController.xib */ = {isa = PBXFileReference; lastKnownFileType = file.xib; path = VideosViewController.xib; sourceTree = "<group>"; };
		BC8EAC99291492BC0033CD45 /* PlaylistsViewController.swift */ = {isa = PBXFileReference; lastKnownFileType = sourcecode.swift; path = PlaylistsViewController.swift; sourceTree = "<group>"; };
		BC8EAC9A291492BC0033CD45 /* PlaylistsViewController.xib */ = {isa = PBXFileReference; lastKnownFileType = file.xib; path = PlaylistsViewController.xib; sourceTree = "<group>"; };
		BC8EAC9D291492C50033CD45 /* ChannelsViewController.swift */ = {isa = PBXFileReference; lastKnownFileType = sourcecode.swift; path = ChannelsViewController.swift; sourceTree = "<group>"; };
		BC8EAC9E291492C50033CD45 /* ChannelsViewController.xib */ = {isa = PBXFileReference; lastKnownFileType = file.xib; path = ChannelsViewController.xib; sourceTree = "<group>"; };
		BC8EACA1291492D30033CD45 /* AboutViewController.swift */ = {isa = PBXFileReference; lastKnownFileType = sourcecode.swift; path = AboutViewController.swift; sourceTree = "<group>"; };
		BC8EACA2291492D30033CD45 /* AboutViewController.xib */ = {isa = PBXFileReference; lastKnownFileType = file.xib; path = AboutViewController.xib; sourceTree = "<group>"; };
		BCCB8A9D291983C2001382C8 /* HomeProviderMock.swift */ = {isa = PBXFileReference; lastKnownFileType = sourcecode.swift; path = HomeProviderMock.swift; sourceTree = "<group>"; };
		BCCB8AA029198438001382C8 /* Utils.swift */ = {isa = PBXFileReference; lastKnownFileType = sourcecode.swift; path = Utils.swift; sourceTree = "<group>"; };
		BCCB8AA22919857D001382C8 /* Channel.json */ = {isa = PBXFileReference; lastKnownFileType = text.json; path = Channel.json; sourceTree = "<group>"; };
		BCCB8AA429198594001382C8 /* Playlists.json */ = {isa = PBXFileReference; lastKnownFileType = text.json; path = Playlists.json; sourceTree = "<group>"; };
		BCCB8AA6291985B4001382C8 /* PlaylistItems.json */ = {isa = PBXFileReference; lastKnownFileType = text.json; path = PlaylistItems.json; sourceTree = "<group>"; };
		BCCB8AA8291985D9001382C8 /* SearchVideos.json */ = {isa = PBXFileReference; lastKnownFileType = text.json; path = SearchVideos.json; sourceTree = "<group>"; };
		BCCB8AAA2919878B001382C8 /* VideoOnlyOne.json */ = {isa = PBXFileReference; lastKnownFileType = text.json; path = VideoOnlyOne.json; sourceTree = "<group>"; };
		BCCB8AAC29198B90001382C8 /* MockManager.swift */ = {isa = PBXFileReference; lastKnownFileType = sourcecode.swift; path = MockManager.swift; sourceTree = "<group>"; };
/* End PBXFileReference section */

/* Begin PBXFrameworksBuildPhase section */
		BC890DAA29141F3E007718C8 /* Frameworks */ = {
			isa = PBXFrameworksBuildPhase;
			buildActionMask = 2147483647;
			files = (
			);
			runOnlyForDeploymentPostprocessing = 0;
		};
/* End PBXFrameworksBuildPhase section */

/* Begin PBXGroup section */
		BC8600482914B580005DADD1 /* ServiceLayer */ = {
			isa = PBXGroup;
			children = (
				BC8600492914B596005DADD1 /* ServiceLayer.swift */,
				BC86004B2914B641005DADD1 /* NetworkError.swift */,
				BC86004D2914B663005DADD1 /* Request.swift */,
			);
			path = ServiceLayer;
			sourceTree = "<group>";
		};
		BC86004F2914B872005DADD1 /* Utils */ = {
			isa = PBXGroup;
			children = (
				BCCB8A9F29198424001382C8 /* Mock */,
				BC8600502914B87E005DADD1 /* Constants.swift */,
				BCCB8AA029198438001382C8 /* Utils.swift */,
				BCCB8AAC29198B90001382C8 /* MockManager.swift */,
			);
			path = Utils;
			sourceTree = "<group>";
		};
		BC8600522914BB64005DADD1 /* Model */ = {
			isa = PBXGroup;
			children = (
				BC8600552914BBA1005DADD1 /* Provider */,
			);
			path = Model;
			sourceTree = "<group>";
		};
		BC8600532914BB6E005DADD1 /* Presenter */ = {
			isa = PBXGroup;
			children = (
				BC86005A2914C257005DADD1 /* HomePresenter.swift */,
			);
			path = Presenter;
			sourceTree = "<group>";
		};
		BC8600542914BB7C005DADD1 /* View */ = {
			isa = PBXGroup;
			children = (
				BC8EAC91291492890033CD45 /* HomeViewController.swift */,
				BC8EAC92291492890033CD45 /* HomeViewController.xib */,
			);
			path = View;
			sourceTree = "<group>";
		};
		BC8600552914BBA1005DADD1 /* Provider */ = {
			isa = PBXGroup;
			children = (
				BC8600562914BBAF005DADD1 /* HomeProvider.swift */,
				BCCB8A9D291983C2001382C8 /* HomeProviderMock.swift */,
			);
			path = Provider;
			sourceTree = "<group>";
		};
		BC890DA429141F3E007718C8 = {
			isa = PBXGroup;
			children = (
				BC890DAF29141F3E007718C8 /* YoutubeClone */,
				BC890DAE29141F3E007718C8 /* Products */,
			);
			sourceTree = "<group>";
		};
		BC890DAE29141F3E007718C8 /* Products */ = {
			isa = PBXGroup;
			children = (
				BC890DAD29141F3E007718C8 /* YoutubeClone.app */,
			);
			name = Products;
			sourceTree = "<group>";
		};
		BC890DAF29141F3E007718C8 /* YoutubeClone */ = {
			isa = PBXGroup;
			children = (
				BC86004F2914B872005DADD1 /* Utils */,
				BC8600482914B580005DADD1 /* ServiceLayer */,
				BC8EAC8E2914924F0033CD45 /* About */,
				BC8EAC8B291492340033CD45 /* Channels */,
				BC8EAC8C291492410033CD45 /* Playlists */,
				BC8EAC8D2914924B0033CD45 /* Videos */,
				BC8EAC8A2914922C0033CD45 /* Home */,
				BC8EAC85291490230033CD45 /* Main */,
				BC890DC429142BF9007718C8 /* Model */,
				BC890DB029141F3E007718C8 /* AppDelegate.swift */,
				BC890DB229141F3E007718C8 /* SceneDelegate.swift */,
				BC890DB429141F3E007718C8 /* ViewController.swift */,
				BC890DB629141F3E007718C8 /* Main.storyboard */,
				BC890DB929141F41007718C8 /* Assets.xcassets */,
				BC890DBB29141F41007718C8 /* LaunchScreen.storyboard */,
				BC890DBE29141F41007718C8 /* Info.plist */,
			);
			path = YoutubeClone;
			sourceTree = "<group>";
		};
		BC890DC429142BF9007718C8 /* Model */ = {
			isa = PBXGroup;
			children = (
				BC890DC529142C18007718C8 /* PlaylistResponse.swift */,
				BC8600582914BC2C005DADD1 /* VideoResponse.swift */,
				BC7A85B129155C4F00227445 /* ChannelResponse.swift */,
				BC7A85B329155D9F00227445 /* PlaylistItemResponse.swift */,
			);
			path = Model;
			sourceTree = "<group>";
		};
		BC8EAC85291490230033CD45 /* Main */ = {
			isa = PBXGroup;
			children = (
				BC8EAC862914904F0033CD45 /* RootPageViewController.swift */,
				BC8EAC882914907B0033CD45 /* MainViewController.swift */,
			);
			path = Main;
			sourceTree = "<group>";
		};
		BC8EAC8A2914922C0033CD45 /* Home */ = {
			isa = PBXGroup;
			children = (
				BC8600542914BB7C005DADD1 /* View */,
				BC8600532914BB6E005DADD1 /* Presenter */,
				BC8600522914BB64005DADD1 /* Model */,
			);
			path = Home;
			sourceTree = "<group>";
		};
		BC8EAC8B291492340033CD45 /* Channels */ = {
			isa = PBXGroup;
			children = (
				BC8EAC9D291492C50033CD45 /* ChannelsViewController.swift */,
				BC8EAC9E291492C50033CD45 /* ChannelsViewController.xib */,
			);
			path = Channels;
			sourceTree = "<group>";
		};
		BC8EAC8C291492410033CD45 /* Playlists */ = {
			isa = PBXGroup;
			children = (
				BC8EAC99291492BC0033CD45 /* PlaylistsViewController.swift */,
				BC8EAC9A291492BC0033CD45 /* PlaylistsViewController.xib */,
			);
			path = Playlists;
			sourceTree = "<group>";
		};
		BC8EAC8D2914924B0033CD45 /* Videos */ = {
			isa = PBXGroup;
			children = (
				BC8EAC95291492AD0033CD45 /* VideosViewController.swift */,
				BC8EAC96291492AD0033CD45 /* VideosViewController.xib */,
			);
			path = Videos;
			sourceTree = "<group>";
		};
		BC8EAC8E2914924F0033CD45 /* About */ = {
			isa = PBXGroup;
			children = (
				BC8EACA1291492D30033CD45 /* AboutViewController.swift */,
				BC8EACA2291492D30033CD45 /* AboutViewController.xib */,
			);
			path = About;
			sourceTree = "<group>";
		};
		BCCB8A9F29198424001382C8 /* Mock */ = {
			isa = PBXGroup;
			children = (
				BCCB8AA22919857D001382C8 /* Channel.json */,
				BCCB8AA429198594001382C8 /* Playlists.json */,
				BCCB8AA6291985B4001382C8 /* PlaylistItems.json */,
				BCCB8AA8291985D9001382C8 /* SearchVideos.json */,
				BCCB8AAA2919878B001382C8 /* VideoOnlyOne.json */,
			);
			path = Mock;
			sourceTree = "<group>";
		};
/* End PBXGroup section */

/* Begin PBXNativeTarget section */
		BC890DAC29141F3E007718C8 /* YoutubeClone */ = {
			isa = PBXNativeTarget;
			buildConfigurationList = BC890DC129141F41007718C8 /* Build configuration list for PBXNativeTarget "YoutubeClone" */;
			buildPhases = (
				BC890DA929141F3E007718C8 /* Sources */,
				BC890DAA29141F3E007718C8 /* Frameworks */,
				BC890DAB29141F3E007718C8 /* Resources */,
			);
			buildRules = (
			);
			dependencies = (
			);
			name = YoutubeClone;
			productName = YoutubeClone;
			productReference = BC890DAD29141F3E007718C8 /* YoutubeClone.app */;
			productType = "com.apple.product-type.application";
		};
/* End PBXNativeTarget section */

/* Begin PBXProject section */
		BC890DA529141F3E007718C8 /* Project object */ = {
			isa = PBXProject;
			attributes = {
				BuildIndependentTargetsInParallel = 1;
				LastSwiftUpdateCheck = 1400;
				LastUpgradeCheck = 1400;
				TargetAttributes = {
					BC890DAC29141F3E007718C8 = {
						CreatedOnToolsVersion = 14.0.1;
					};
				};
			};
			buildConfigurationList = BC890DA829141F3E007718C8 /* Build configuration list for PBXProject "YoutubeClone" */;
			compatibilityVersion = "Xcode 14.0";
			developmentRegion = en;
			hasScannedForEncodings = 0;
			knownRegions = (
				en,
				Base,
			);
			mainGroup = BC890DA429141F3E007718C8;
			productRefGroup = BC890DAE29141F3E007718C8 /* Products */;
			projectDirPath = "";
			projectRoot = "";
			targets = (
				BC890DAC29141F3E007718C8 /* YoutubeClone */,
			);
		};
/* End PBXProject section */

/* Begin PBXResourcesBuildPhase section */
		BC890DAB29141F3E007718C8 /* Resources */ = {
			isa = PBXResourcesBuildPhase;
			buildActionMask = 2147483647;
			files = (
				BC8EAC9C291492BC0033CD45 /* PlaylistsViewController.xib in Resources */,
				BCCB8AA9291985D9001382C8 /* SearchVideos.json in Resources */,
				BCCB8AA32919857D001382C8 /* Channel.json in Resources */,
				BC890DBD29141F41007718C8 /* LaunchScreen.storyboard in Resources */,
				BCCB8AA7291985B4001382C8 /* PlaylistItems.json in Resources */,
				BC8EACA4291492D30033CD45 /* AboutViewController.xib in Resources */,
				BCCB8AAB2919878B001382C8 /* VideoOnlyOne.json in Resources */,
				BC890DBA29141F41007718C8 /* Assets.xcassets in Resources */,
				BC8EAC98291492AD0033CD45 /* VideosViewController.xib in Resources */,
				BC890DB829141F3E007718C8 /* Main.storyboard in Resources */,
				BCCB8AA529198594001382C8 /* Playlists.json in Resources */,
				BC8EAC94291492890033CD45 /* HomeViewController.xib in Resources */,
				BC8EACA0291492C50033CD45 /* ChannelsViewController.xib in Resources */,
			);
			runOnlyForDeploymentPostprocessing = 0;
		};
/* End PBXResourcesBuildPhase section */

/* Begin PBXSourcesBuildPhase section */
		BC890DA929141F3E007718C8 /* Sources */ = {
			isa = PBXSourcesBuildPhase;
			buildActionMask = 2147483647;
			files = (
				BC8EAC9F291492C50033CD45 /* ChannelsViewController.swift in Sources */,
				BC7A85B429155D9F00227445 /* PlaylistItemResponse.swift in Sources */,
				BC8600572914BBAF005DADD1 /* HomeProvider.swift in Sources */,
				BC890DB529141F3E007718C8 /* ViewController.swift in Sources */,
				BC8EACA3291492D30033CD45 /* AboutViewController.swift in Sources */,
				BC890DB129141F3E007718C8 /* AppDelegate.swift in Sources */,
				BCCB8A9E291983C2001382C8 /* HomeProviderMock.swift in Sources */,
				BCCB8AA129198438001382C8 /* Utils.swift in Sources */,
				BC8EAC872914904F0033CD45 /* RootPageViewController.swift in Sources */,
				BC8600512914B87E005DADD1 /* Constants.swift in Sources */,
				BC7A85B229155C4F00227445 /* ChannelResponse.swift in Sources */,
				BCCB8AAD29198B90001382C8 /* MockManager.swift in Sources */,
				BC8EAC892914907B0033CD45 /* MainViewController.swift in Sources */,
				BC8EAC9B291492BC0033CD45 /* PlaylistsViewController.swift in Sources */,
				BC86004A2914B596005DADD1 /* ServiceLayer.swift in Sources */,
				BC890DB329141F3E007718C8 /* SceneDelegate.swift in Sources */,
				BC8600592914BC2C005DADD1 /* VideoResponse.swift in Sources */,
				BC8EAC93291492890033CD45 /* HomeViewController.swift in Sources */,
				BC86004C2914B641005DADD1 /* NetworkError.swift in Sources */,
				BC86004E2914B663005DADD1 /* Request.swift in Sources */,
				BC86005B2914C257005DADD1 /* HomePresenter.swift in Sources */,
				BC8EAC97291492AD0033CD45 /* VideosViewController.swift in Sources */,
				BC890DC629142C18007718C8 /* PlaylistResponse.swift in Sources */,
			);
			runOnlyForDeploymentPostprocessing = 0;
		};
/* End PBXSourcesBuildPhase section */

/* Begin PBXVariantGroup section */
		BC890DB629141F3E007718C8 /* Main.storyboard */ = {
			isa = PBXVariantGroup;
			children = (
				BC890DB729141F3E007718C8 /* Base */,
			);
			name = Main.storyboard;
			sourceTree = "<group>";
		};
		BC890DBB29141F41007718C8 /* LaunchScreen.storyboard */ = {
			isa = PBXVariantGroup;
			children = (
				BC890DBC29141F41007718C8 /* Base */,
			);
			name = LaunchScreen.storyboard;
			sourceTree = "<group>";
		};
/* End PBXVariantGroup section */

/* Begin XCBuildConfiguration section */
		BC890DBF29141F41007718C8 /* Debug */ = {
			isa = XCBuildConfiguration;
			buildSettings = {
				ALWAYS_SEARCH_USER_PATHS = NO;
				CLANG_ANALYZER_NONNULL = YES;
				CLANG_ANALYZER_NUMBER_OBJECT_CONVERSION = YES_AGGRESSIVE;
				CLANG_CXX_LANGUAGE_STANDARD = "gnu++20";
				CLANG_ENABLE_MODULES = YES;
				CLANG_ENABLE_OBJC_ARC = YES;
				CLANG_ENABLE_OBJC_WEAK = YES;
				CLANG_WARN_BLOCK_CAPTURE_AUTORELEASING = YES;
				CLANG_WARN_BOOL_CONVERSION = YES;
				CLANG_WARN_COMMA = YES;
				CLANG_WARN_CONSTANT_CONVERSION = YES;
				CLANG_WARN_DEPRECATED_OBJC_IMPLEMENTATIONS = YES;
				CLANG_WARN_DIRECT_OBJC_ISA_USAGE = YES_ERROR;
				CLANG_WARN_DOCUMENTATION_COMMENTS = YES;
				CLANG_WARN_EMPTY_BODY = YES;
				CLANG_WARN_ENUM_CONVERSION = YES;
				CLANG_WARN_INFINITE_RECURSION = YES;
				CLANG_WARN_INT_CONVERSION = YES;
				CLANG_WARN_NON_LITERAL_NULL_CONVERSION = YES;
				CLANG_WARN_OBJC_IMPLICIT_RETAIN_SELF = YES;
				CLANG_WARN_OBJC_LITERAL_CONVERSION = YES;
				CLANG_WARN_OBJC_ROOT_CLASS = YES_ERROR;
				CLANG_WARN_QUOTED_INCLUDE_IN_FRAMEWORK_HEADER = YES;
				CLANG_WARN_RANGE_LOOP_ANALYSIS = YES;
				CLANG_WARN_STRICT_PROTOTYPES = YES;
				CLANG_WARN_SUSPICIOUS_MOVE = YES;
				CLANG_WARN_UNGUARDED_AVAILABILITY = YES_AGGRESSIVE;
				CLANG_WARN_UNREACHABLE_CODE = YES;
				CLANG_WARN__DUPLICATE_METHOD_MATCH = YES;
				COPY_PHASE_STRIP = NO;
				DEBUG_INFORMATION_FORMAT = dwarf;
				ENABLE_STRICT_OBJC_MSGSEND = YES;
				ENABLE_TESTABILITY = YES;
				GCC_C_LANGUAGE_STANDARD = gnu11;
				GCC_DYNAMIC_NO_PIC = NO;
				GCC_NO_COMMON_BLOCKS = YES;
				GCC_OPTIMIZATION_LEVEL = 0;
				GCC_PREPROCESSOR_DEFINITIONS = (
					"DEBUG=1",
					"$(inherited)",
				);
				GCC_WARN_64_TO_32_BIT_CONVERSION = YES;
				GCC_WARN_ABOUT_RETURN_TYPE = YES_ERROR;
				GCC_WARN_UNDECLARED_SELECTOR = YES;
				GCC_WARN_UNINITIALIZED_AUTOS = YES_AGGRESSIVE;
				GCC_WARN_UNUSED_FUNCTION = YES;
				GCC_WARN_UNUSED_VARIABLE = YES;
				IPHONEOS_DEPLOYMENT_TARGET = 16.0;
				MTL_ENABLE_DEBUG_INFO = INCLUDE_SOURCE;
				MTL_FAST_MATH = YES;
				ONLY_ACTIVE_ARCH = YES;
				SDKROOT = iphoneos;
				SWIFT_ACTIVE_COMPILATION_CONDITIONS = DEBUG;
				SWIFT_OPTIMIZATION_LEVEL = "-Onone";
			};
			name = Debug;
		};
		BC890DC029141F41007718C8 /* Release */ = {
			isa = XCBuildConfiguration;
			buildSettings = {
				ALWAYS_SEARCH_USER_PATHS = NO;
				CLANG_ANALYZER_NONNULL = YES;
				CLANG_ANALYZER_NUMBER_OBJECT_CONVERSION = YES_AGGRESSIVE;
				CLANG_CXX_LANGUAGE_STANDARD = "gnu++20";
				CLANG_ENABLE_MODULES = YES;
				CLANG_ENABLE_OBJC_ARC = YES;
				CLANG_ENABLE_OBJC_WEAK = YES;
				CLANG_WARN_BLOCK_CAPTURE_AUTORELEASING = YES;
				CLANG_WARN_BOOL_CONVERSION = YES;
				CLANG_WARN_COMMA = YES;
				CLANG_WARN_CONSTANT_CONVERSION = YES;
				CLANG_WARN_DEPRECATED_OBJC_IMPLEMENTATIONS = YES;
				CLANG_WARN_DIRECT_OBJC_ISA_USAGE = YES_ERROR;
				CLANG_WARN_DOCUMENTATION_COMMENTS = YES;
				CLANG_WARN_EMPTY_BODY = YES;
				CLANG_WARN_ENUM_CONVERSION = YES;
				CLANG_WARN_INFINITE_RECURSION = YES;
				CLANG_WARN_INT_CONVERSION = YES;
				CLANG_WARN_NON_LITERAL_NULL_CONVERSION = YES;
				CLANG_WARN_OBJC_IMPLICIT_RETAIN_SELF = YES;
				CLANG_WARN_OBJC_LITERAL_CONVERSION = YES;
				CLANG_WARN_OBJC_ROOT_CLASS = YES_ERROR;
				CLANG_WARN_QUOTED_INCLUDE_IN_FRAMEWORK_HEADER = YES;
				CLANG_WARN_RANGE_LOOP_ANALYSIS = YES;
				CLANG_WARN_STRICT_PROTOTYPES = YES;
				CLANG_WARN_SUSPICIOUS_MOVE = YES;
				CLANG_WARN_UNGUARDED_AVAILABILITY = YES_AGGRESSIVE;
				CLANG_WARN_UNREACHABLE_CODE = YES;
				CLANG_WARN__DUPLICATE_METHOD_MATCH = YES;
				COPY_PHASE_STRIP = NO;
				DEBUG_INFORMATION_FORMAT = "dwarf-with-dsym";
				ENABLE_NS_ASSERTIONS = NO;
				ENABLE_STRICT_OBJC_MSGSEND = YES;
				GCC_C_LANGUAGE_STANDARD = gnu11;
				GCC_NO_COMMON_BLOCKS = YES;
				GCC_WARN_64_TO_32_BIT_CONVERSION = YES;
				GCC_WARN_ABOUT_RETURN_TYPE = YES_ERROR;
				GCC_WARN_UNDECLARED_SELECTOR = YES;
				GCC_WARN_UNINITIALIZED_AUTOS = YES_AGGRESSIVE;
				GCC_WARN_UNUSED_FUNCTION = YES;
				GCC_WARN_UNUSED_VARIABLE = YES;
				IPHONEOS_DEPLOYMENT_TARGET = 16.0;
				MTL_ENABLE_DEBUG_INFO = NO;
				MTL_FAST_MATH = YES;
				SDKROOT = iphoneos;
				SWIFT_COMPILATION_MODE = wholemodule;
				SWIFT_OPTIMIZATION_LEVEL = "-O";
				VALIDATE_PRODUCT = YES;
			};
			name = Release;
		};
		BC890DC229141F41007718C8 /* Debug */ = {
			isa = XCBuildConfiguration;
			buildSettings = {
				ASSETCATALOG_COMPILER_APPICON_NAME = AppIcon;
				ASSETCATALOG_COMPILER_GLOBAL_ACCENT_COLOR_NAME = AccentColor;
				CODE_SIGN_STYLE = Automatic;
				CURRENT_PROJECT_VERSION = 1;
				GENERATE_INFOPLIST_FILE = YES;
				INFOPLIST_FILE = YoutubeClone/Info.plist;
				INFOPLIST_KEY_UIApplicationSupportsIndirectInputEvents = YES;
				INFOPLIST_KEY_UILaunchStoryboardName = LaunchScreen;
				INFOPLIST_KEY_UIMainStoryboardFile = Main;
				INFOPLIST_KEY_UISupportedInterfaceOrientations_iPad = "UIInterfaceOrientationPortrait UIInterfaceOrientationPortraitUpsideDown UIInterfaceOrientationLandscapeLeft UIInterfaceOrientationLandscapeRight";
				INFOPLIST_KEY_UISupportedInterfaceOrientations_iPhone = "UIInterfaceOrientationPortrait UIInterfaceOrientationLandscapeLeft UIInterfaceOrientationLandscapeRight";
				LD_RUNPATH_SEARCH_PATHS = (
					"$(inherited)",
					"@executable_path/Frameworks",
				);
				MARKETING_VERSION = 1.0;
				PRODUCT_BUNDLE_IDENTIFIER = com.edsontoledo.YoutubeClone;
				PRODUCT_NAME = "$(TARGET_NAME)";
				SWIFT_EMIT_LOC_STRINGS = YES;
				SWIFT_VERSION = 5.0;
				TARGETED_DEVICE_FAMILY = "1,2";
			};
			name = Debug;
		};
		BC890DC329141F41007718C8 /* Release */ = {
			isa = XCBuildConfiguration;
			buildSettings = {
				ASSETCATALOG_COMPILER_APPICON_NAME = AppIcon;
				ASSETCATALOG_COMPILER_GLOBAL_ACCENT_COLOR_NAME = AccentColor;
				CODE_SIGN_STYLE = Automatic;
				CURRENT_PROJECT_VERSION = 1;
				GENERATE_INFOPLIST_FILE = YES;
				INFOPLIST_FILE = YoutubeClone/Info.plist;
				INFOPLIST_KEY_UIApplicationSupportsIndirectInputEvents = YES;
				INFOPLIST_KEY_UILaunchStoryboardName = LaunchScreen;
				INFOPLIST_KEY_UIMainStoryboardFile = Main;
				INFOPLIST_KEY_UISupportedInterfaceOrientations_iPad = "UIInterfaceOrientationPortrait UIInterfaceOrientationPortraitUpsideDown UIInterfaceOrientationLandscapeLeft UIInterfaceOrientationLandscapeRight";
				INFOPLIST_KEY_UISupportedInterfaceOrientations_iPhone = "UIInterfaceOrientationPortrait UIInterfaceOrientationLandscapeLeft UIInterfaceOrientationLandscapeRight";
				LD_RUNPATH_SEARCH_PATHS = (
					"$(inherited)",
					"@executable_path/Frameworks",
				);
				MARKETING_VERSION = 1.0;
				PRODUCT_BUNDLE_IDENTIFIER = com.edsontoledo.YoutubeClone;
				PRODUCT_NAME = "$(TARGET_NAME)";
				SWIFT_EMIT_LOC_STRINGS = YES;
				SWIFT_VERSION = 5.0;
				TARGETED_DEVICE_FAMILY = "1,2";
			};
			name = Release;
		};
/* End XCBuildConfiguration section */

/* Begin XCConfigurationList section */
		BC890DA829141F3E007718C8 /* Build configuration list for PBXProject "YoutubeClone" */ = {
			isa = XCConfigurationList;
			buildConfigurations = (
				BC890DBF29141F41007718C8 /* Debug */,
				BC890DC029141F41007718C8 /* Release */,
			);
			defaultConfigurationIsVisible = 0;
			defaultConfigurationName = Release;
		};
		BC890DC129141F41007718C8 /* Build configuration list for PBXNativeTarget "YoutubeClone" */ = {
			isa = XCConfigurationList;
			buildConfigurations = (
				BC890DC229141F41007718C8 /* Debug */,
				BC890DC329141F41007718C8 /* Release */,
			);
			defaultConfigurationIsVisible = 0;
			defaultConfigurationName = Release;
		};
/* End XCConfigurationList section */
	};
	rootObject = BC890DA529141F3E007718C8 /* Project object */;
}
